// !$*UTF8*$!
{
	archiveVersion = 1;
	classes = {
	};
	objectVersion = 56;
	objects = {

/* Begin PBXBuildFile section */
		45F5FE34FC05A4ACAF768AA4 /* Pods_greenbin.framework in Frameworks */ = {isa = PBXBuildFile; fileRef = DBA930D9E5A5C1A201BA3157 /* Pods_greenbin.framework */; };
		D304F5072D3B31CF00EE6362 /* AboutPage.swift in Sources */ = {isa = PBXBuildFile; fileRef = D304F5062D3B31CF00EE6362 /* AboutPage.swift */; };
		D3255EEE2D29DA7A004A2DA6 /* IntroView.swift in Sources */ = {isa = PBXBuildFile; fileRef = D3255EED2D29DA7A004A2DA6 /* IntroView.swift */; };
		D3A5A1962D33A93D004B27BC /* loginPage.swift in Sources */ = {isa = PBXBuildFile; fileRef = D3A5A1952D33A93D004B27BC /* loginPage.swift */; };
		D3A5A1982D35B241004B27BC /* HomePage.swift in Sources */ = {isa = PBXBuildFile; fileRef = D3A5A1972D35B241004B27BC /* HomePage.swift */; };
		D3A5A19A2D35B737004B27BC /* VisionAPI.swift in Sources */ = {isa = PBXBuildFile; fileRef = D3A5A1992D35B737004B27BC /* VisionAPI.swift */; };
		D3E042732D2914DF00D08B4C /* AppDelegate.swift in Sources */ = {isa = PBXBuildFile; fileRef = D3E042722D2914DF00D08B4C /* AppDelegate.swift */; };
		D3E042752D2914DF00D08B4C /* SceneDelegate.swift in Sources */ = {isa = PBXBuildFile; fileRef = D3E042742D2914DF00D08B4C /* SceneDelegate.swift */; };
		D3E042772D2914DF00D08B4C /* ViewController.swift in Sources */ = {isa = PBXBuildFile; fileRef = D3E042762D2914DF00D08B4C /* ViewController.swift */; };
		D3E0427C2D2914E000D08B4C /* Assets.xcassets in Resources */ = {isa = PBXBuildFile; fileRef = D3E0427B2D2914E000D08B4C /* Assets.xcassets */; };
		D3E0427F2D2914E000D08B4C /* LaunchScreen.storyboard in Resources */ = {isa = PBXBuildFile; fileRef = D3E0427D2D2914E000D08B4C /* LaunchScreen.storyboard */; };
/* End PBXBuildFile section */

/* Begin PBXFileReference section */
		A510C0CD69AF890271283216 /* Pods-greenbin.release.xcconfig */ = {isa = PBXFileReference; includeInIndex = 1; lastKnownFileType = text.xcconfig; name = "Pods-greenbin.release.xcconfig"; path = "Target Support Files/Pods-greenbin/Pods-greenbin.release.xcconfig"; sourceTree = "<group>"; };
		B44EB539784FD2DE46EEC099 /* Pods-greenbin.debug.xcconfig */ = {isa = PBXFileReference; includeInIndex = 1; lastKnownFileType = text.xcconfig; name = "Pods-greenbin.debug.xcconfig"; path = "Target Support Files/Pods-greenbin/Pods-greenbin.debug.xcconfig"; sourceTree = "<group>"; };
		D304F5062D3B31CF00EE6362 /* AboutPage.swift */ = {isa = PBXFileReference; lastKnownFileType = sourcecode.swift; path = AboutPage.swift; sourceTree = "<group>"; };
		D3255EED2D29DA7A004A2DA6 /* IntroView.swift */ = {isa = PBXFileReference; lastKnownFileType = sourcecode.swift; path = IntroView.swift; sourceTree = "<group>"; };
		D34DE3B52D35BE8000FBA5BC /* greenbin-Bridging-Header.h */ = {isa = PBXFileReference; lastKnownFileType = sourcecode.c.h; path = "greenbin-Bridging-Header.h"; sourceTree = "<group>"; };
		D3A5A1952D33A93D004B27BC /* loginPage.swift */ = {isa = PBXFileReference; lastKnownFileType = sourcecode.swift; path = loginPage.swift; sourceTree = "<group>"; };
		D3A5A1972D35B241004B27BC /* HomePage.swift */ = {isa = PBXFileReference; lastKnownFileType = sourcecode.swift; path = HomePage.swift; sourceTree = "<group>"; };
		D3A5A1992D35B737004B27BC /* VisionAPI.swift */ = {isa = PBXFileReference; lastKnownFileType = sourcecode.swift; path = VisionAPI.swift; sourceTree = "<group>"; };
		D3E0426F2D2914DF00D08B4C /* greenbin.app */ = {isa = PBXFileReference; explicitFileType = wrapper.application; includeInIndex = 0; path = greenbin.app; sourceTree = BUILT_PRODUCTS_DIR; };
		D3E042722D2914DF00D08B4C /* AppDelegate.swift */ = {isa = PBXFileReference; lastKnownFileType = sourcecode.swift; path = AppDelegate.swift; sourceTree = "<group>"; };
		D3E042742D2914DF00D08B4C /* SceneDelegate.swift */ = {isa = PBXFileReference; lastKnownFileType = sourcecode.swift; path = SceneDelegate.swift; sourceTree = "<group>"; };
		D3E042762D2914DF00D08B4C /* ViewController.swift */ = {isa = PBXFileReference; lastKnownFileType = sourcecode.swift; path = ViewController.swift; sourceTree = "<group>"; };
		D3E0427B2D2914E000D08B4C /* Assets.xcassets */ = {isa = PBXFileReference; lastKnownFileType = folder.assetcatalog; path = Assets.xcassets; sourceTree = "<group>"; };
		D3E0427E2D2914E000D08B4C /* Base */ = {isa = PBXFileReference; lastKnownFileType = file.storyboard; name = Base; path = Base.lproj/LaunchScreen.storyboard; sourceTree = "<group>"; };
		D3E042802D2914E000D08B4C /* Info.plist */ = {isa = PBXFileReference; lastKnownFileType = text.plist.xml; path = Info.plist; sourceTree = "<group>"; };
		DBA930D9E5A5C1A201BA3157 /* Pods_greenbin.framework */ = {isa = PBXFileReference; explicitFileType = wrapper.framework; includeInIndex = 0; path = Pods_greenbin.framework; sourceTree = BUILT_PRODUCTS_DIR; };
/* End PBXFileReference section */

/* Begin PBXFrameworksBuildPhase section */
		D3E0426C2D2914DF00D08B4C /* Frameworks */ = {
			isa = PBXFrameworksBuildPhase;
			buildActionMask = 2147483647;
			files = (
				45F5FE34FC05A4ACAF768AA4 /* Pods_greenbin.framework in Frameworks */,
			);
			runOnlyForDeploymentPostprocessing = 0;
		};
/* End PBXFrameworksBuildPhase section */

/* Begin PBXGroup section */
		2E08862E89CB4D725D590C28 /* Pods */ = {
			isa = PBXGroup;
			children = (
				B44EB539784FD2DE46EEC099 /* Pods-greenbin.debug.xcconfig */,
				A510C0CD69AF890271283216 /* Pods-greenbin.release.xcconfig */,
			);
			path = Pods;
			sourceTree = "<group>";
		};
		D3E042662D2914DF00D08B4C = {
			isa = PBXGroup;
			children = (
				D3E042712D2914DF00D08B4C /* greenbin */,
				D3E042702D2914DF00D08B4C /* Products */,
				2E08862E89CB4D725D590C28 /* Pods */,
				E7DFED419460091897511C6A /* Frameworks */,
			);
			sourceTree = "<group>";
		};
		D3E042702D2914DF00D08B4C /* Products */ = {
			isa = PBXGroup;
			children = (
				D3E0426F2D2914DF00D08B4C /* greenbin.app */,
			);
			name = Products;
			sourceTree = "<group>";
		};
		D3E042712D2914DF00D08B4C /* greenbin */ = {
			isa = PBXGroup;
			children = (
				D3E042722D2914DF00D08B4C /* AppDelegate.swift */,
				D3E042742D2914DF00D08B4C /* SceneDelegate.swift */,
				D3E042762D2914DF00D08B4C /* ViewController.swift */,
				D3255EED2D29DA7A004A2DA6 /* IntroView.swift */,
				D3E0427B2D2914E000D08B4C /* Assets.xcassets */,
				D3E0427D2D2914E000D08B4C /* LaunchScreen.storyboard */,
				D3E042802D2914E000D08B4C /* Info.plist */,
				D3A5A1952D33A93D004B27BC /* loginPage.swift */,
				D3A5A1972D35B241004B27BC /* HomePage.swift */,
				D3A5A1992D35B737004B27BC /* VisionAPI.swift */,
				D34DE3B52D35BE8000FBA5BC /* greenbin-Bridging-Header.h */,
				D304F5062D3B31CF00EE6362 /* AboutPage.swift */,
			);
			path = greenbin;
			sourceTree = "<group>";
		};
		E7DFED419460091897511C6A /* Frameworks */ = {
			isa = PBXGroup;
			children = (
				DBA930D9E5A5C1A201BA3157 /* Pods_greenbin.framework */,
			);
			name = Frameworks;
			sourceTree = "<group>";
		};
/* End PBXGroup section */

/* Begin PBXNativeTarget section */
		D3E0426E2D2914DF00D08B4C /* greenbin */ = {
			isa = PBXNativeTarget;
			buildConfigurationList = D3E042832D2914E000D08B4C /* Build configuration list for PBXNativeTarget "greenbin" */;
			buildPhases = (
				0E81552CD8FF4211CEF07259 /* [CP] Check Pods Manifest.lock */,
				D3E0426B2D2914DF00D08B4C /* Sources */,
				D3E0426C2D2914DF00D08B4C /* Frameworks */,
				D3E0426D2D2914DF00D08B4C /* Resources */,
				BDFFE4A670AB32DB54F2766A /* [CP] Embed Pods Frameworks */,
			);
			buildRules = (
			);
			dependencies = (
			);
			name = greenbin;
			productName = greenbin;
			productReference = D3E0426F2D2914DF00D08B4C /* greenbin.app */;
			productType = "com.apple.product-type.application";
		};
/* End PBXNativeTarget section */

/* Begin PBXProject section */
		D3E042672D2914DF00D08B4C /* Project object */ = {
			isa = PBXProject;
			attributes = {
				BuildIndependentTargetsInParallel = 1;
				LastSwiftUpdateCheck = 1520;
				LastUpgradeCheck = 1520;
				TargetAttributes = {
					D3E0426E2D2914DF00D08B4C = {
						CreatedOnToolsVersion = 15.2;
					};
				};
			};
			buildConfigurationList = D3E0426A2D2914DF00D08B4C /* Build configuration list for PBXProject "greenbin" */;
			compatibilityVersion = "Xcode 14.0";
			developmentRegion = en;
			hasScannedForEncodings = 0;
			knownRegions = (
				en,
				Base,
			);
			mainGroup = D3E042662D2914DF00D08B4C;
			productRefGroup = D3E042702D2914DF00D08B4C /* Products */;
			projectDirPath = "";
			projectRoot = "";
			targets = (
				D3E0426E2D2914DF00D08B4C /* greenbin */,
			);
		};
/* End PBXProject section */

/* Begin PBXResourcesBuildPhase section */
		D3E0426D2D2914DF00D08B4C /* Resources */ = {
			isa = PBXResourcesBuildPhase;
			buildActionMask = 2147483647;
			files = (
				D3E0427F2D2914E000D08B4C /* LaunchScreen.storyboard in Resources */,
				D3E0427C2D2914E000D08B4C /* Assets.xcassets in Resources */,
			);
			runOnlyForDeploymentPostprocessing = 0;
		};
/* End PBXResourcesBuildPhase section */

/* Begin PBXShellScriptBuildPhase section */
		0E81552CD8FF4211CEF07259 /* [CP] Check Pods Manifest.lock */ = {
			isa = PBXShellScriptBuildPhase;
			buildActionMask = 2147483647;
			files = (
			);
			inputFileListPaths = (
			);
			inputPaths = (
				"${PODS_PODFILE_DIR_PATH}/Podfile.lock",
				"${PODS_ROOT}/Manifest.lock",
			);
			name = "[CP] Check Pods Manifest.lock";
			outputFileListPaths = (
			);
			outputPaths = (
				"$(DERIVED_FILE_DIR)/Pods-greenbin-checkManifestLockResult.txt",
			);
			runOnlyForDeploymentPostprocessing = 0;
			shellPath = /bin/sh;
			shellScript = "diff \"${PODS_PODFILE_DIR_PATH}/Podfile.lock\" \"${PODS_ROOT}/Manifest.lock\" > /dev/null\nif [ $? != 0 ] ; then\n    # print error to STDERR\n    echo \"error: The sandbox is not in sync with the Podfile.lock. Run 'pod install' or update your CocoaPods installation.\" >&2\n    exit 1\nfi\n# This output is used by Xcode 'outputs' to avoid re-running this script phase.\necho \"SUCCESS\" > \"${SCRIPT_OUTPUT_FILE_0}\"\n";
			showEnvVarsInLog = 0;
		};
		BDFFE4A670AB32DB54F2766A /* [CP] Embed Pods Frameworks */ = {
			isa = PBXShellScriptBuildPhase;
			buildActionMask = 2147483647;
			files = (
			);
			inputFileListPaths = (
				"${PODS_ROOT}/Target Support Files/Pods-greenbin/Pods-greenbin-frameworks-${CONFIGURATION}-input-files.xcfilelist",
			);
			name = "[CP] Embed Pods Frameworks";
			outputFileListPaths = (
				"${PODS_ROOT}/Target Support Files/Pods-greenbin/Pods-greenbin-frameworks-${CONFIGURATION}-output-files.xcfilelist",
			);
			runOnlyForDeploymentPostprocessing = 0;
			shellPath = /bin/sh;
			shellScript = "\"${PODS_ROOT}/Target Support Files/Pods-greenbin/Pods-greenbin-frameworks.sh\"\n";
			showEnvVarsInLog = 0;
		};
/* End PBXShellScriptBuildPhase section */

/* Begin PBXSourcesBuildPhase section */
		D3E0426B2D2914DF00D08B4C /* Sources */ = {
			isa = PBXSourcesBuildPhase;
			buildActionMask = 2147483647;
			files = (
				D3A5A19A2D35B737004B27BC /* VisionAPI.swift in Sources */,
				D3E042772D2914DF00D08B4C /* ViewController.swift in Sources */,
				D304F5072D3B31CF00EE6362 /* AboutPage.swift in Sources */,
				D3A5A1982D35B241004B27BC /* HomePage.swift in Sources */,
				D3255EEE2D29DA7A004A2DA6 /* IntroView.swift in Sources */,
				D3A5A1962D33A93D004B27BC /* loginPage.swift in Sources */,
				D3E042732D2914DF00D08B4C /* AppDelegate.swift in Sources */,
				D3E042752D2914DF00D08B4C /* SceneDelegate.swift in Sources */,
			);
			runOnlyForDeploymentPostprocessing = 0;
		};
/* End PBXSourcesBuildPhase section */

/* Begin PBXVariantGroup section */
		D3E0427D2D2914E000D08B4C /* LaunchScreen.storyboard */ = {
			isa = PBXVariantGroup;
			children = (
				D3E0427E2D2914E000D08B4C /* Base */,
			);
			name = LaunchScreen.storyboard;
			sourceTree = "<group>";
		};
/* End PBXVariantGroup section */

/* Begin XCBuildConfiguration section */
		D3E042812D2914E000D08B4C /* Debug */ = {
			isa = XCBuildConfiguration;
			buildSettings = {
				ALWAYS_SEARCH_USER_PATHS = NO;
				ASSETCATALOG_COMPILER_GENERATE_SWIFT_ASSET_SYMBOL_EXTENSIONS = YES;
				CLANG_ANALYZER_NONNULL = YES;
				CLANG_ANALYZER_NUMBER_OBJECT_CONVERSION = YES_AGGRESSIVE;
				CLANG_CXX_LANGUAGE_STANDARD = "gnu++20";
				CLANG_ENABLE_MODULES = YES;
				CLANG_ENABLE_OBJC_ARC = YES;
				CLANG_ENABLE_OBJC_WEAK = YES;
				CLANG_WARN_BLOCK_CAPTURE_AUTORELEASING = YES;
				CLANG_WARN_BOOL_CONVERSION = YES;
				CLANG_WARN_COMMA = YES;
				CLANG_WARN_CONSTANT_CONVERSION = YES;
				CLANG_WARN_DEPRECATED_OBJC_IMPLEMENTATIONS = YES;
				CLANG_WARN_DIRECT_OBJC_ISA_USAGE = YES_ERROR;
				CLANG_WARN_DOCUMENTATION_COMMENTS = YES;
				CLANG_WARN_EMPTY_BODY = YES;
				CLANG_WARN_ENUM_CONVERSION = YES;
				CLANG_WARN_INFINITE_RECURSION = YES;
				CLANG_WARN_INT_CONVERSION = YES;
				CLANG_WARN_NON_LITERAL_NULL_CONVERSION = YES;
				CLANG_WARN_OBJC_IMPLICIT_RETAIN_SELF = YES;
				CLANG_WARN_OBJC_LITERAL_CONVERSION = YES;
				CLANG_WARN_OBJC_ROOT_CLASS = YES_ERROR;
				CLANG_WARN_QUOTED_INCLUDE_IN_FRAMEWORK_HEADER = YES;
				CLANG_WARN_RANGE_LOOP_ANALYSIS = YES;
				CLANG_WARN_STRICT_PROTOTYPES = YES;
				CLANG_WARN_SUSPICIOUS_MOVE = YES;
				CLANG_WARN_UNGUARDED_AVAILABILITY = YES_AGGRESSIVE;
				CLANG_WARN_UNREACHABLE_CODE = YES;
				CLANG_WARN__DUPLICATE_METHOD_MATCH = YES;
				COPY_PHASE_STRIP = NO;
				DEBUG_INFORMATION_FORMAT = dwarf;
				ENABLE_STRICT_OBJC_MSGSEND = YES;
				ENABLE_TESTABILITY = YES;
				ENABLE_USER_SCRIPT_SANDBOXING = NO;
				GCC_C_LANGUAGE_STANDARD = gnu17;
				GCC_DYNAMIC_NO_PIC = NO;
				GCC_NO_COMMON_BLOCKS = YES;
				GCC_OPTIMIZATION_LEVEL = 0;
				GCC_PREPROCESSOR_DEFINITIONS = (
					"DEBUG=1",
					"$(inherited)",
				);
				GCC_WARN_64_TO_32_BIT_CONVERSION = YES;
				GCC_WARN_ABOUT_RETURN_TYPE = YES_ERROR;
				GCC_WARN_UNDECLARED_SELECTOR = YES;
				GCC_WARN_UNINITIALIZED_AUTOS = YES_AGGRESSIVE;
				GCC_WARN_UNUSED_FUNCTION = YES;
				GCC_WARN_UNUSED_VARIABLE = YES;
				IPHONEOS_DEPLOYMENT_TARGET = 16.0;
				LOCALIZATION_PREFERS_STRING_CATALOGS = YES;
				MTL_ENABLE_DEBUG_INFO = INCLUDE_SOURCE;
				MTL_FAST_MATH = YES;
				ONLY_ACTIVE_ARCH = YES;
				SDKROOT = iphoneos;
				SWIFT_ACTIVE_COMPILATION_CONDITIONS = "DEBUG $(inherited)";
				SWIFT_OPTIMIZATION_LEVEL = "-Onone";
			};
			name = Debug;
		};
		D3E042822D2914E000D08B4C /* Release */ = {
			isa = XCBuildConfiguration;
			buildSettings = {
				ALWAYS_SEARCH_USER_PATHS = NO;
				ASSETCATALOG_COMPILER_GENERATE_SWIFT_ASSET_SYMBOL_EXTENSIONS = YES;
				CLANG_ANALYZER_NONNULL = YES;
				CLANG_ANALYZER_NUMBER_OBJECT_CONVERSION = YES_AGGRESSIVE;
				CLANG_CXX_LANGUAGE_STANDARD = "gnu++20";
				CLANG_ENABLE_MODULES = YES;
				CLANG_ENABLE_OBJC_ARC = YES;
				CLANG_ENABLE_OBJC_WEAK = YES;
				CLANG_WARN_BLOCK_CAPTURE_AUTORELEASING = YES;
				CLANG_WARN_BOOL_CONVERSION = YES;
				CLANG_WARN_COMMA = YES;
				CLANG_WARN_CONSTANT_CONVERSION = YES;
				CLANG_WARN_DEPRECATED_OBJC_IMPLEMENTATIONS = YES;
				CLANG_WARN_DIRECT_OBJC_ISA_USAGE = YES_ERROR;
				CLANG_WARN_DOCUMENTATION_COMMENTS = YES;
				CLANG_WARN_EMPTY_BODY = YES;
				CLANG_WARN_ENUM_CONVERSION = YES;
				CLANG_WARN_INFINITE_RECURSION = YES;
				CLANG_WARN_INT_CONVERSION = YES;
				CLANG_WARN_NON_LITERAL_NULL_CONVERSION = YES;
				CLANG_WARN_OBJC_IMPLICIT_RETAIN_SELF = YES;
				CLANG_WARN_OBJC_LITERAL_CONVERSION = YES;
				CLANG_WARN_OBJC_ROOT_CLASS = YES_ERROR;
				CLANG_WARN_QUOTED_INCLUDE_IN_FRAMEWORK_HEADER = YES;
				CLANG_WARN_RANGE_LOOP_ANALYSIS = YES;
				CLANG_WARN_STRICT_PROTOTYPES = YES;
				CLANG_WARN_SUSPICIOUS_MOVE = YES;
				CLANG_WARN_UNGUARDED_AVAILABILITY = YES_AGGRESSIVE;
				CLANG_WARN_UNREACHABLE_CODE = YES;
				CLANG_WARN__DUPLICATE_METHOD_MATCH = YES;
				COPY_PHASE_STRIP = NO;
				DEBUG_INFORMATION_FORMAT = "dwarf-with-dsym";
				ENABLE_NS_ASSERTIONS = NO;
				ENABLE_STRICT_OBJC_MSGSEND = YES;
				ENABLE_USER_SCRIPT_SANDBOXING = NO;
				GCC_C_LANGUAGE_STANDARD = gnu17;
				GCC_NO_COMMON_BLOCKS = YES;
				GCC_WARN_64_TO_32_BIT_CONVERSION = YES;
				GCC_WARN_ABOUT_RETURN_TYPE = YES_ERROR;
				GCC_WARN_UNDECLARED_SELECTOR = YES;
				GCC_WARN_UNINITIALIZED_AUTOS = YES_AGGRESSIVE;
				GCC_WARN_UNUSED_FUNCTION = YES;
				GCC_WARN_UNUSED_VARIABLE = YES;
				IPHONEOS_DEPLOYMENT_TARGET = 16.0;
				LOCALIZATION_PREFERS_STRING_CATALOGS = YES;
				MTL_ENABLE_DEBUG_INFO = NO;
				MTL_FAST_MATH = YES;
				SDKROOT = iphoneos;
				SWIFT_COMPILATION_MODE = wholemodule;
				VALIDATE_PRODUCT = YES;
			};
			name = Release;
		};
		D3E042842D2914E000D08B4C /* Debug */ = {
			isa = XCBuildConfiguration;
			baseConfigurationReference = B44EB539784FD2DE46EEC099 /* Pods-greenbin.debug.xcconfig */;
			buildSettings = {
				ASSETCATALOG_COMPILER_APPICON_NAME = AppIcon;
				ASSETCATALOG_COMPILER_GLOBAL_ACCENT_COLOR_NAME = AccentColor;
				CODE_SIGN_STYLE = Automatic;
				CURRENT_PROJECT_VERSION = 1;
				DEVELOPMENT_TEAM = RNUBM6M952;
				ENABLE_USER_SCRIPT_SANDBOXING = NO;
				GENERATE_INFOPLIST_FILE = YES;
				INFOPLIST_FILE = greenbin/Info.plist;
				INFOPLIST_KEY_UIApplicationSupportsIndirectInputEvents = YES;
				INFOPLIST_KEY_UILaunchStoryboardName = LaunchScreen;
				INFOPLIST_KEY_UISupportedInterfaceOrientations_iPad = "UIInterfaceOrientationPortrait UIInterfaceOrientationPortraitUpsideDown UIInterfaceOrientationLandscapeLeft UIInterfaceOrientationLandscapeRight";
				INFOPLIST_KEY_UISupportedInterfaceOrientations_iPhone = "UIInterfaceOrientationPortrait UIInterfaceOrientationLandscapeLeft UIInterfaceOrientationLandscapeRight";
				LD_RUNPATH_SEARCH_PATHS = (
					"$(inherited)",
					"@executable_path/Frameworks",
				);
				MARKETING_VERSION = 1.0;
				PRODUCT_BUNDLE_IDENTIFIER = stuthibhat.greenbin;
				PRODUCT_NAME = "$(TARGET_NAME)";
				SWIFT_EMIT_LOC_STRINGS = YES;
				SWIFT_VERSION = 5.0;
				TARGETED_DEVICE_FAMILY = "1,2";
			};
			name = Debug;
		};
		D3E042852D2914E000D08B4C /* Release */ = {
			isa = XCBuildConfiguration;
			baseConfigurationReference = A510C0CD69AF890271283216 /* Pods-greenbin.release.xcconfig */;
			buildSettings = {
				ASSETCATALOG_COMPILER_APPICON_NAME = AppIcon;
				ASSETCATALOG_COMPILER_GLOBAL_ACCENT_COLOR_NAME = AccentColor;
				CODE_SIGN_STYLE = Automatic;
				CURRENT_PROJECT_VERSION = 1;
				DEVELOPMENT_TEAM = RNUBM6M952;
				ENABLE_USER_SCRIPT_SANDBOXING = NO;
				GENERATE_INFOPLIST_FILE = YES;
				INFOPLIST_FILE = greenbin/Info.plist;
				INFOPLIST_KEY_UIApplicationSupportsIndirectInputEvents = YES;
				INFOPLIST_KEY_UILaunchStoryboardName = LaunchScreen;
				INFOPLIST_KEY_UISupportedInterfaceOrientations_iPad = "UIInterfaceOrientationPortrait UIInterfaceOrientationPortraitUpsideDown UIInterfaceOrientationLandscapeLeft UIInterfaceOrientationLandscapeRight";
				INFOPLIST_KEY_UISupportedInterfaceOrientations_iPhone = "UIInterfaceOrientationPortrait UIInterfaceOrientationLandscapeLeft UIInterfaceOrientationLandscapeRight";
				LD_RUNPATH_SEARCH_PATHS = (
					"$(inherited)",
					"@executable_path/Frameworks",
				);
				MARKETING_VERSION = 1.0;
				PRODUCT_BUNDLE_IDENTIFIER = stuthibhat.greenbin;
				PRODUCT_NAME = "$(TARGET_NAME)";
				SWIFT_EMIT_LOC_STRINGS = YES;
				SWIFT_VERSION = 5.0;
				TARGETED_DEVICE_FAMILY = "1,2";
			};
			name = Release;
		};
/* End XCBuildConfiguration section */

/* Begin XCConfigurationList section */
		D3E0426A2D2914DF00D08B4C /* Build configuration list for PBXProject "greenbin" */ = {
			isa = XCConfigurationList;
			buildConfigurations = (
				D3E042812D2914E000D08B4C /* Debug */,
				D3E042822D2914E000D08B4C /* Release */,
			);
			defaultConfigurationIsVisible = 0;
			defaultConfigurationName = Release;
		};
		D3E042832D2914E000D08B4C /* Build configuration list for PBXNativeTarget "greenbin" */ = {
			isa = XCConfigurationList;
			buildConfigurations = (
				D3E042842D2914E000D08B4C /* Debug */,
				D3E042852D2914E000D08B4C /* Release */,
			);
			defaultConfigurationIsVisible = 0;
			defaultConfigurationName = Release;
		};
/* End XCConfigurationList section */
	};
	rootObject = D3E042672D2914DF00D08B4C /* Project object */;
}
